dependencies:
- name: kube-prometheus-stack
  repository: https://prometheus-community.github.io/helm-charts
  version: 58.2.2
- name: loki
  repository: https://grafana.github.io/helm-charts
  version: 6.3.4
digest: sha256:035af4e285922196c65580ab027cb400a84bce700ff78b12a36b6029a6ff6d18
generated: "2024-04-30T23:23:19.021223+03:00"
